
Microsoft Visual Studio Solution File, Format Version 12.00
# Visual Studio Version 16
VisualStudioVersion = 16.0.30204.135
MinimumVisualStudioVersion = 10.0.40219.1
Project("{FAE04EC0-301F-11D3-BF4B-00C04F79EFBC}") = "BorrowAndRepay", "BorrowAndRepay.csproj", "{404FC9FD-66AC-4549-A41C-5DB9F4D6664A}"
EndProject
Global
	GlobalSection(SolutionConfigurationPlatforms) = preSolution
		Debug|Any CPU = Debug|Any CPU
		Release|Any CPU = Release|Any CPU
	EndGlobalSection
	GlobalSection(ProjectConfigurationPlatforms) = postSolution
		{404FC9FD-66AC-4549-A41C-5DB9F4D6664A}.Debug|Any CPU.ActiveCfg = Debug|Any CPU
		{404FC9FD-66AC-4549-A41C-5DB9F4D6664A}.Debug|Any CPU.Build.0 = Debug|Any CPU
		{404FC9FD-66AC-4549-A41C-5DB9F4D6664A}.Release|Any CPU.ActiveCfg = Release|Any CPU
		{404FC9FD-66AC-4549-A41C-5DB9F4D6664A}.Release|Any CPU.Build.0 = Release|Any CPU
	EndGlobalSection
	GlobalSection(SolutionProperties) = preSolution
		HideSolutionNode = FALSE
	EndGlobalSection
	GlobalSection(ExtensibilityGlobals) = postSolution
		SolutionGuid = {57154975-CF82-45CC-995E-7551763B6813}
	EndGlobalSection
EndGlobal
